<?xml version="1.0" encoding="utf-8"?>
<Project ToolsVersion="4.0" xmlns="http://schemas.microsoft.com/developer/msbuild/2003">
  <ItemGroup>
    <Filter Include="소스 파일">
      <UniqueIdentifier>{4FC737F1-C7A5-4376-A066-2A32D752A2FF}</UniqueIdentifier>
      <Extensions>cpp;c;cc;cxx;c++;cppm;ixx;def;odl;idl;hpj;bat;asm;asmx</Extensions>
    </Filter>
    <Filter Include="헤더 파일">
      <UniqueIdentifier>{93995380-89BD-4b04-88EB-625FBE52EBFB}</UniqueIdentifier>
      <Extensions>h;hh;hpp;hxx;h++;hm;inl;inc;ipp;xsd</Extensions>
    </Filter>
    <Filter Include="리소스 파일">
      <UniqueIdentifier>{67DA6AB6-F800-4c08-8B7A-83BB121AAD01}</UniqueIdentifier>
      <Extensions>rc;ico;cur;bmp;dlg;rc2;rct;bin;rgs;gif;jpg;jpeg;jpe;resx;tiff;tif;png;wav;mfcribbon-ms</Extensions>
    </Filter>
    <Filter Include="소스 파일\Game">
      <UniqueIdentifier>{38bd7c11-adc6-4096-9b61-e519ef40a95a}</UniqueIdentifier>
    </Filter>
    <Filter Include="소스 파일\System">
      <UniqueIdentifier>{c6c51689-e3d4-4248-a06a-e449bf809eb9}</UniqueIdentifier>
    </Filter>
    <Filter Include="소스 파일\Game\FSM">
      <UniqueIdentifier>{77846dd1-e41a-4c5f-a3a8-369e57ecb429}</UniqueIdentifier>
    </Filter>
    <Filter Include="소스 파일\PCH">
      <UniqueIdentifier>{ab6c90c1-d255-4bf3-956c-deaa4a1172ff}</UniqueIdentifier>
    </Filter>
    <Filter Include="소스 파일\Game\Components">
      <UniqueIdentifier>{df84000f-3b86-450a-9556-f687b3077884}</UniqueIdentifier>
    </Filter>
    <Filter Include="소스 파일\Game\Scenes">
      <UniqueIdentifier>{ed00465e-0a0a-4461-aa45-19e529237d87}</UniqueIdentifier>
    </Filter>
    <Filter Include="소스 파일\Game\Network">
      <UniqueIdentifier>{f3d0aa7e-12b4-430f-85e3-3279ccaf16ab}</UniqueIdentifier>
    </Filter>
  </ItemGroup>
  <ItemGroup>
    <ClCompile Include="main.cpp">
      <Filter>소스 파일</Filter>
    </ClCompile>
    <ClCompile Include="Input.cpp">
      <Filter>소스 파일\System</Filter>
    </ClCompile>
    <ClCompile Include="Object.cpp">
      <Filter>소스 파일\Game</Filter>
    </ClCompile>
    <ClCompile Include="Skill.cpp">
      <Filter>소스 파일\Game</Filter>
    </ClCompile>
    <ClCompile Include="Player.cpp">
      <Filter>소스 파일\Game</Filter>
    </ClCompile>
    <ClCompile Include="Monster.cpp">
      <Filter>소스 파일\Game</Filter>
    </ClCompile>
    <ClCompile Include="Timer.cpp">
      <Filter>소스 파일\System</Filter>
    </ClCompile>
    <ClCompile Include="FSMState.cpp">
      <Filter>소스 파일\Game\FSM</Filter>
    </ClCompile>
    <ClCompile Include="MonsterWanderState.cpp">
      <Filter>소스 파일\Game\FSM</Filter>
    </ClCompile>
    <ClCompile Include="FSM.cpp">
      <Filter>소스 파일\Game\FSM</Filter>
    </ClCompile>
    <ClCompile Include="MonsterAttackState.cpp">
      <Filter>소스 파일\Game\FSM</Filter>
    </ClCompile>
    <ClCompile Include="stdafx.cpp">
      <Filter>소스 파일\PCH</Filter>
    </ClCompile>
    <ClCompile Include="stdafx.h">
      <Filter>소스 파일\PCH</Filter>
    </ClCompile>
    <ClCompile Include="MonsterTrackingState.cpp">
      <Filter>소스 파일\Game\FSM</Filter>
    </ClCompile>
    <ClCompile Include="Component.cpp">
      <Filter>소스 파일\Game\Components</Filter>
    </ClCompile>
    <ClCompile Include="AttackComponent.cpp">
      <Filter>소스 파일\Game\Components</Filter>
    </ClCompile>
    <ClCompile Include="MovementComponent.cpp">
      <Filter>소스 파일\Game\Components</Filter>
    </ClCompile>
    <ClCompile Include="PlayerMovementComponent.cpp">
      <Filter>소스 파일\Game\Components</Filter>
    </ClCompile>
    <ClCompile Include="AnimationComponent.cpp">
      <Filter>소스 파일\Game\Components</Filter>
    </ClCompile>
    <ClCompile Include="AnimationMGR.cpp">
      <Filter>소스 파일\Game</Filter>
    </ClCompile>
    <ClCompile Include="test.cpp">
      <Filter>소스 파일</Filter>
    </ClCompile>
    <ClCompile Include="LobbyScene.cpp">
      <Filter>소스 파일\Game\Scenes</Filter>
    </ClCompile>
    <ClCompile Include="LoginScene.cpp">
      <Filter>소스 파일\Game\Scenes</Filter>
    </ClCompile>
    <ClCompile Include="StageScene.cpp">
      <Filter>소스 파일\Game\Scenes</Filter>
    </ClCompile>
    <ClCompile Include="Scene.cpp">
      <Filter>소스 파일\Game\Scenes</Filter>
    </ClCompile>
    <ClCompile Include="GameFramework.cpp">
      <Filter>소스 파일\Game</Filter>
    </ClCompile>
    <ClCompile Include="NetworkMGR.cpp">
      <Filter>소스 파일\Game\Network</Filter>
    </ClCompile>
  </ItemGroup>
  <ItemGroup>
    <ClInclude Include="Input.h">
      <Filter>소스 파일\System</Filter>
    </ClInclude>
    <ClInclude Include="Object.h">
      <Filter>소스 파일\Game</Filter>
    </ClInclude>
    <ClInclude Include="Skill.h">
      <Filter>소스 파일\Game</Filter>
    </ClInclude>
    <ClInclude Include="Player.h">
      <Filter>소스 파일\Game</Filter>
    </ClInclude>
    <ClInclude Include="Monster.h">
      <Filter>소스 파일\Game</Filter>
    </ClInclude>
    <ClInclude Include="Timer.h">
      <Filter>소스 파일\System</Filter>
    </ClInclude>
    <ClInclude Include="FSMState.h">
      <Filter>소스 파일\Game\FSM</Filter>
    </ClInclude>
    <ClInclude Include="MonsterWanderState.h">
      <Filter>소스 파일\Game\FSM</Filter>
    </ClInclude>
    <ClInclude Include="FSM.h">
      <Filter>소스 파일\Game\FSM</Filter>
    </ClInclude>
    <ClInclude Include="MonsterAttackState.h">
      <Filter>소스 파일\Game\FSM</Filter>
    </ClInclude>
    <ClInclude Include="MonsterTrackingState.h">
      <Filter>소스 파일\Game\FSM</Filter>
    </ClInclude>
    <ClInclude Include="Component.h">
      <Filter>소스 파일\Game\Components</Filter>
    </ClInclude>
    <ClInclude Include="AttackComponent.h">
      <Filter>소스 파일\Game\Components</Filter>
    </ClInclude>
    <ClInclude Include="MovementComponent.h">
      <Filter>소스 파일\Game\Components</Filter>
    </ClInclude>
    <ClInclude Include="PlayerMovementComponent.h">
      <Filter>소스 파일\Game\Components</Filter>
    </ClInclude>
    <ClInclude Include="AnimationComponent.h">
      <Filter>소스 파일\Game\Components</Filter>
    </ClInclude>
    <ClInclude Include="AnimationMGR.h">
      <Filter>소스 파일\Game</Filter>
    </ClInclude>
    <ClInclude Include="LobbyScene.h">
      <Filter>소스 파일\Game\Scenes</Filter>
    </ClInclude>
    <ClInclude Include="LoginScene.h">
      <Filter>소스 파일\Game\Scenes</Filter>
    </ClInclude>
    <ClInclude Include="StageScene.h">
      <Filter>소스 파일\Game\Scenes</Filter>
    </ClInclude>
    <ClInclude Include="Scene.h">
      <Filter>소스 파일\Game\Scenes</Filter>
    </ClInclude>
    <ClInclude Include="GameFramework.h">
      <Filter>소스 파일\Game</Filter>
    </ClInclude>
    <ClInclude Include="NetworkMGR.h">
      <Filter>소스 파일\Game\Network</Filter>
    </ClInclude>
  </ItemGroup>
</Project>